
Microsoft Visual Studio Solution File, Format Version 12.00
# Visual Studio Version 17
VisualStudioVersion = 17.1.32407.343
MinimumVisualStudioVersion = 10.0.40219.1
Project("{FAE04EC0-301F-11D3-BF4B-00C04F79EFBC}") = "CSharpAssignment3", "CSharpAssignment3.csproj", "{CFA71D65-13E8-440B-B3E1-7932C6472CAF}"
EndProject
Global
	GlobalSection(SolutionConfigurationPlatforms) = preSolution
		Debug|Any CPU = Debug|Any CPU
		Release|Any CPU = Release|Any CPU
	EndGlobalSection
	GlobalSection(ProjectConfigurationPlatforms) = postSolution
		{CFA71D65-13E8-440B-B3E1-7932C6472CAF}.Debug|Any CPU.ActiveCfg = Debug|Any CPU
		{CFA71D65-13E8-440B-B3E1-7932C6472CAF}.Debug|Any CPU.Build.0 = Debug|Any CPU
		{CFA71D65-13E8-440B-B3E1-7932C6472CAF}.Release|Any CPU.ActiveCfg = Release|Any CPU
		{CFA71D65-13E8-440B-B3E1-7932C6472CAF}.Release|Any CPU.Build.0 = Release|Any CPU
	EndGlobalSection
	GlobalSection(SolutionProperties) = preSolution
		HideSolutionNode = FALSE
	EndGlobalSection
	GlobalSection(ExtensibilityGlobals) = postSolution
		SolutionGuid = {98C727C2-2410-461F-9135-1C432C823007}
	EndGlobalSection
EndGlobal
