
Microsoft Visual Studio Solution File, Format Version 12.00
# Visual Studio Version 17
VisualStudioVersion = 17.1.32407.343
MinimumVisualStudioVersion = 10.0.40219.1
Project("{FAE04EC0-301F-11D3-BF4B-00C04F79EFBC}") = "OOPAssignment1", "OOPAssignment1.csproj", "{630CC6C3-DF8C-4BBB-BE9F-EAA5A7C02F71}"
EndProject
Global
	GlobalSection(SolutionConfigurationPlatforms) = preSolution
		Debug|Any CPU = Debug|Any CPU
		Release|Any CPU = Release|Any CPU
	EndGlobalSection
	GlobalSection(ProjectConfigurationPlatforms) = postSolution
		{630CC6C3-DF8C-4BBB-BE9F-EAA5A7C02F71}.Debug|Any CPU.ActiveCfg = Debug|Any CPU
		{630CC6C3-DF8C-4BBB-BE9F-EAA5A7C02F71}.Debug|Any CPU.Build.0 = Debug|Any CPU
		{630CC6C3-DF8C-4BBB-BE9F-EAA5A7C02F71}.Release|Any CPU.ActiveCfg = Release|Any CPU
		{630CC6C3-DF8C-4BBB-BE9F-EAA5A7C02F71}.Release|Any CPU.Build.0 = Release|Any CPU
	EndGlobalSection
	GlobalSection(SolutionProperties) = preSolution
		HideSolutionNode = FALSE
	EndGlobalSection
	GlobalSection(ExtensibilityGlobals) = postSolution
		SolutionGuid = {0C2CEE92-7D0A-4BCD-AF10-77531B3D9469}
	EndGlobalSection
EndGlobal
